
Microsoft Visual Studio Solution File, Format Version 12.00
# Visual Studio Version 16
VisualStudioVersion = 16.0.29503.13
MinimumVisualStudioVersion = 10.0.40219.1
Project("{FAE04EC0-301F-11D3-BF4B-00C04F79EFBC}") = "GameOfCoice.Web", "GameOfCoice.Web\GameOfCoice.Web.csproj", "{66474284-C19F-4F9D-AA4B-16D52C587D5F}"
EndProject
Project("{FAE04EC0-301F-11D3-BF4B-00C04F79EFBC}") = "GameOfChoice.Services", "GameOfChoice.Services\GameOfChoice.Services.csproj", "{8653F8A8-3AA1-440F-85C4-4F83FDA6E651}"
EndProject
Project("{FAE04EC0-301F-11D3-BF4B-00C04F79EFBC}") = "GameOfChoice.Tests", "GameOfChoice.Tests\GameOfChoice.Tests.csproj", "{19C58BFA-393C-4051-B459-B7A894559363}"
EndProject
Global
	GlobalSection(SolutionConfigurationPlatforms) = preSolution
		Debug|Any CPU = Debug|Any CPU
		Release|Any CPU = Release|Any CPU
	EndGlobalSection
	GlobalSection(ProjectConfigurationPlatforms) = postSolution
		{66474284-C19F-4F9D-AA4B-16D52C587D5F}.Debug|Any CPU.ActiveCfg = Debug|Any CPU
		{66474284-C19F-4F9D-AA4B-16D52C587D5F}.Debug|Any CPU.Build.0 = Debug|Any CPU
		{66474284-C19F-4F9D-AA4B-16D52C587D5F}.Release|Any CPU.ActiveCfg = Release|Any CPU
		{66474284-C19F-4F9D-AA4B-16D52C587D5F}.Release|Any CPU.Build.0 = Release|Any CPU
		{8653F8A8-3AA1-440F-85C4-4F83FDA6E651}.Debug|Any CPU.ActiveCfg = Debug|Any CPU
		{8653F8A8-3AA1-440F-85C4-4F83FDA6E651}.Debug|Any CPU.Build.0 = Debug|Any CPU
		{8653F8A8-3AA1-440F-85C4-4F83FDA6E651}.Release|Any CPU.ActiveCfg = Release|Any CPU
		{8653F8A8-3AA1-440F-85C4-4F83FDA6E651}.Release|Any CPU.Build.0 = Release|Any CPU
		{19C58BFA-393C-4051-B459-B7A894559363}.Debug|Any CPU.ActiveCfg = Debug|Any CPU
		{19C58BFA-393C-4051-B459-B7A894559363}.Debug|Any CPU.Build.0 = Debug|Any CPU
		{19C58BFA-393C-4051-B459-B7A894559363}.Release|Any CPU.ActiveCfg = Release|Any CPU
		{19C58BFA-393C-4051-B459-B7A894559363}.Release|Any CPU.Build.0 = Release|Any CPU
	EndGlobalSection
	GlobalSection(SolutionProperties) = preSolution
		HideSolutionNode = FALSE
	EndGlobalSection
	GlobalSection(ExtensibilityGlobals) = postSolution
		SolutionGuid = {0203821F-D9CD-43B5-809A-CEF0A883F423}
	EndGlobalSection
EndGlobal
